
Microsoft Visual Studio Solution File, Format Version 12.00
# Visual Studio Version 16
VisualStudioVersion = 16.0.32602.291
MinimumVisualStudioVersion = 10.0.40219.1
Project("{FAE04EC0-301F-11D3-BF4B-00C04F79EFBC}") = "Lab16BallWpfApp1", "Lab16BallWpfApp1\Lab16BallWpfApp1.csproj", "{8ABB182B-52A2-4F52-87B0-199C7651E056}"
EndProject
Global
	GlobalSection(SolutionConfigurationPlatforms) = preSolution
		Debug|Any CPU = Debug|Any CPU
		Release|Any CPU = Release|Any CPU
	EndGlobalSection
	GlobalSection(ProjectConfigurationPlatforms) = postSolution
		{8ABB182B-52A2-4F52-87B0-199C7651E056}.Debug|Any CPU.ActiveCfg = Debug|Any CPU
		{8ABB182B-52A2-4F52-87B0-199C7651E056}.Debug|Any CPU.Build.0 = Debug|Any CPU
		{8ABB182B-52A2-4F52-87B0-199C7651E056}.Release|Any CPU.ActiveCfg = Release|Any CPU
		{8ABB182B-52A2-4F52-87B0-199C7651E056}.Release|Any CPU.Build.0 = Release|Any CPU
	EndGlobalSection
	GlobalSection(SolutionProperties) = preSolution
		HideSolutionNode = FALSE
	EndGlobalSection
	GlobalSection(ExtensibilityGlobals) = postSolution
		SolutionGuid = {4F69B76F-C58F-4CE7-8D61-B22D1D9084C1}
	EndGlobalSection
EndGlobal
